
Microsoft Visual Studio Solution File, Format Version 12.00
# Visual Studio 2012
Project("{F2A71F9B-5D33-465A-A702-920D77279786}") = "corp.service.svc", "corp.service.svc\corp.service.svc.fsproj", "{D433C9FD-BFB9-48B5-834E-E53BB89D9E13}"
EndProject
Project("{F2A71F9B-5D33-465A-A702-920D77279786}") = "FSharpWeb", "FSharpWeb\FSharpWeb.fsproj", "{4C381FCD-D9F3-45D4-88C2-EFAF95E6CEC3}"
EndProject
Project("{2150E333-8FDC-42A3-9474-1A3956D46DE8}") = ".nuget", ".nuget", "{8DA4354F-8629-4568-AD9A-5186FCE9160C}"
	ProjectSection(SolutionItems) = preProject
		.nuget\packages.config = .nuget\packages.config
	EndProjectSection
EndProject
Global
	GlobalSection(SolutionConfigurationPlatforms) = preSolution
		Debug|Any CPU = Debug|Any CPU
		Release|Any CPU = Release|Any CPU
	EndGlobalSection
	GlobalSection(ProjectConfigurationPlatforms) = postSolution
		{D433C9FD-BFB9-48B5-834E-E53BB89D9E13}.Debug|Any CPU.ActiveCfg = Debug|Any CPU
		{D433C9FD-BFB9-48B5-834E-E53BB89D9E13}.Debug|Any CPU.Build.0 = Debug|Any CPU
		{D433C9FD-BFB9-48B5-834E-E53BB89D9E13}.Release|Any CPU.ActiveCfg = Release|Any CPU
		{D433C9FD-BFB9-48B5-834E-E53BB89D9E13}.Release|Any CPU.Build.0 = Release|Any CPU
		{4C381FCD-D9F3-45D4-88C2-EFAF95E6CEC3}.Debug|Any CPU.ActiveCfg = Debug|Any CPU
		{4C381FCD-D9F3-45D4-88C2-EFAF95E6CEC3}.Debug|Any CPU.Build.0 = Debug|Any CPU
		{4C381FCD-D9F3-45D4-88C2-EFAF95E6CEC3}.Release|Any CPU.ActiveCfg = Release|Any CPU
		{4C381FCD-D9F3-45D4-88C2-EFAF95E6CEC3}.Release|Any CPU.Build.0 = Release|Any CPU
	EndGlobalSection
	GlobalSection(SolutionProperties) = preSolution
		HideSolutionNode = FALSE
	EndGlobalSection
EndGlobal
