
Microsoft Visual Studio Solution File, Format Version 12.00
# Visual Studio 2012
Project("{F2A71F9B-5D33-465A-A702-920D77279786}") = "Project", "Project.fsproj", "{C821E8B3-528B-40C4-88C2-57A1119DA596}"
EndProject
Global
	GlobalSection(SolutionConfigurationPlatforms) = preSolution
		Debug|Any CPU = Debug|Any CPU
		Release|Any CPU = Release|Any CPU
	EndGlobalSection
	GlobalSection(ProjectConfigurationPlatforms) = postSolution
		{C821E8B3-528B-40C4-88C2-57A1119DA596}.Debug|Any CPU.ActiveCfg = Debug|Any CPU
		{C821E8B3-528B-40C4-88C2-57A1119DA596}.Debug|Any CPU.Build.0 = Debug|Any CPU
		{C821E8B3-528B-40C4-88C2-57A1119DA596}.Release|Any CPU.ActiveCfg = Release|Any CPU
		{C821E8B3-528B-40C4-88C2-57A1119DA596}.Release|Any CPU.Build.0 = Release|Any CPU
	EndGlobalSection
	GlobalSection(SolutionProperties) = preSolution
		HideSolutionNode = FALSE
	EndGlobalSection
EndGlobal
