
Microsoft Visual Studio Solution File, Format Version 12.00
# Visual Studio 2012
Project("{F2A71F9B-5D33-465A-A702-920D77279786}") = "Degbu", "Degbu.fsproj", "{45E0813F-A549-431F-A51A-DD4A801A7EFE}"
EndProject
Global
	GlobalSection(SolutionConfigurationPlatforms) = preSolution
		Debug|Any CPU = Debug|Any CPU
		Release|Any CPU = Release|Any CPU
	EndGlobalSection
	GlobalSection(ProjectConfigurationPlatforms) = postSolution
		{45E0813F-A549-431F-A51A-DD4A801A7EFE}.Debug|Any CPU.ActiveCfg = Debug|Any CPU
		{45E0813F-A549-431F-A51A-DD4A801A7EFE}.Debug|Any CPU.Build.0 = Debug|Any CPU
		{45E0813F-A549-431F-A51A-DD4A801A7EFE}.Release|Any CPU.ActiveCfg = Release|Any CPU
		{45E0813F-A549-431F-A51A-DD4A801A7EFE}.Release|Any CPU.Build.0 = Release|Any CPU
	EndGlobalSection
	GlobalSection(SolutionProperties) = preSolution
		HideSolutionNode = FALSE
	EndGlobalSection
EndGlobal
